# This file is automatically @generated by Cargo.
# It is not intended for manual editing.
version = 4

[[package]]
name = "forestry"
version = "1.11.0"
source = "registry+https://github.com/rust-lang/crates.io-index"
checksum = "ba9c5bd4faf0afdd4c901000829cab00c81e273d639dda980c23978fc3d62852"
dependencies = [
 "supports-color",
 "textfmt",
]

[[package]]
name = "holochain_serialized_bytes_derive"
version = "0.0.57"
source = "registry+https://github.com/rust-lang/crates.io-index"
checksum = "17c64dfa01304c2c4ceba04a823fc4b6b75602d65d26e639f33845178f057d4a"
dependencies = [
 "quote",
 "syn",
]

[[package]]
name = "is_ci"
version = "1.2.0"
source = "registry+https://github.com/rust-lang/crates.io-index"
checksum = "7655c9839580ee829dfacba1d1278c2b7883e50a277ff7541299489d6bdfdc45"

[[package]]
name = "proc-macro2"
version = "1.0.89"
source = "registry+https://github.com/rust-lang/crates.io-index"
checksum = "f139b0662de085916d1fb67d2b4169d1addddda1919e696f3252b740b629986e"
dependencies = [
 "unicode-ident",
]

[[package]]
name = "quote"
version = "1.0.37"
source = "registry+https://github.com/rust-lang/crates.io-index"
checksum = "b5b9d34b8991d19d98081b46eacdd8eb58c6f2b201139f7c5f643cc155a633af"
dependencies = [
 "proc-macro2",
]

[[package]]
name = "some_crate"
version = "0.2.1"
source = "registry+https://github.com/rust-lang/crates.io-index"
checksum = "29467b36d575693635d079fa6d3ef443338232d631c944d7c0040e6e6e34d750"

[[package]]
name = "supports-color"
version = "3.0.2"
source = "registry+https://github.com/rust-lang/crates.io-index"
checksum = "c64fc7232dd8d2e4ac5ce4ef302b1d81e0b80d055b9d77c7c4f51f6aa4c867d6"
dependencies = [
 "is_ci",
]

[[package]]
name = "syn"
version = "2.0.87"
source = "registry+https://github.com/rust-lang/crates.io-index"
checksum = "25aa4ce346d03a6dcd68dd8b4010bcb74e54e62c90c573f394c46eae99aba32d"
dependencies = [
 "proc-macro2",
 "quote",
 "unicode-ident",
]

[[package]]
name = "test-reg"
version = "0.1.0"
dependencies = [
 "forestry",
 "holochain_serialized_bytes_derive",
 "some_crate",
]

[[package]]
name = "textfmt"
version = "1.1.0"
source = "registry+https://github.com/rust-lang/crates.io-index"
checksum = "9228fc9b36110886f0add8a5440849bfbef2cf0550e0ec72f9692ebb6b4e96fb"

[[package]]
name = "unicode-ident"
version = "1.0.13"
source = "registry+https://github.com/rust-lang/crates.io-index"
checksum = "e91b56cd4cadaeb79bbf1a5645f6b4f8dc5bde8834ad5894a8db35fda9efa1fe"
