# This file is automatically @generated by Cargo.
# It is not intended for manual editing.
version = 4

[[package]]
name = "forestry"
version = "1.11.0"
source = "registry+https://github.com/rust-lang/crates.io-index"
checksum = "ba9c5bd4faf0afdd4c901000829cab00c81e273d639dda980c23978fc3d62852"
dependencies = [
 "supports-color",
 "textfmt",
]

[[package]]
name = "holochain_serialized_bytes_derive"
version = "0.0.57"
source = "registry+https://github.com/rust-lang/crates.io-index"
checksum = "17c64dfa01304c2c4ceba04a823fc4b6b75602d65d26e639f33845178f057d4a"
dependencies = [
 "quote",
 "syn",
]

[[package]]
name = "is_ci"
version = "1.2.0"
source = "registry+https://github.com/rust-lang/crates.io-index"
checksum = "7655c9839580ee829dfacba1d1278c2b7883e50a277ff7541299489d6bdfdc45"

[[package]]
name = "proc-macro2"
version = "1.0.107"
source = "registry+https://github.com/rust-lang/crates.io-index"
checksum = "985e7ec9bb745e6ce6535b544d84d6cd6f7ad8bd711c398938ae983b91a766d9"
dependencies = [
 "unicode-ident",
]

[[package]]
name = "quote"
version = "1.0.47"
source = "registry+https://github.com/rust-lang/crates.io-index"
checksum = "1fbf4db142a473a8d80c26bbf18454ed458bf8d26c8219c331daecfdbd079001"
dependencies = [
 "proc-macro2",
]

[[package]]
name = "some_crate"
version = "0.2.1"
source = "registry+https://github.com/rust-lang/crates.io-index"
checksum = "29467b36d575693635d079fa6d3ef443338232d631c944d7c0040e6e6e34d750"

[[package]]
name = "supports-color"
version = "3.0.2"
source = "registry+https://github.com/rust-lang/crates.io-index"
checksum = "c64fc7232dd8d2e4ac5ce4ef302b1d81e0b80d055b9d77c7c4f51f6aa4c867d6"
dependencies = [
 "is_ci",
]

[[package]]
name = "syn"
version = "2.0.119"
source = "registry+https://github.com/rust-lang/crates.io-index"
checksum = "872831b642d1a07999a962a351ed35b955ea2cfc8f3862091e2a240a84f17297"
dependencies = [
 "proc-macro2",
 "quote",
 "unicode-ident",
]

[[package]]
name = "test-reg"
version = "0.1.0"
dependencies = [
 "forestry",
 "holochain_serialized_bytes_derive",
 "some_crate",
]

[[package]]
name = "textfmt"
version = "1.1.0"
source = "registry+https://github.com/rust-lang/crates.io-index"
checksum = "9228fc9b36110886f0add8a5440849bfbef2cf0550e0ec72f9692ebb6b4e96fb"

[[package]]
name = "unicode-ident"
version = "1.0.24"
source = "registry+https://github.com/rust-lang/crates.io-index"
checksum = "e6e4313cd5fcd3dad5cafa179702e2b244f760991f45397d14d4ebf38247da75"
